// !$*UTF8*$!
{
	archiveVersion = 1;
	classes = {
	};
	objectVersion = 56;
	objects = {

/* Begin PBXBuildFile section */
		AA60C8F42B46F862008CD745 /* User.swift in Sources */ = {isa = PBXBuildFile; fileRef = AA60C8F32B46F862008CD745 /* User.swift */; };
		AA60C8F62B46F86C008CD745 /* ToDoListItem.swift in Sources */ = {isa = PBXBuildFile; fileRef = AA60C8F52B46F86C008CD745 /* ToDoListItem.swift */; };
		AA60C8F82B47DF20008CD745 /* HeaderView.swift in Sources */ = {isa = PBXBuildFile; fileRef = AA60C8F72B47DF20008CD745 /* HeaderView.swift */; };
		AA60C8FA2B47F7AE008CD745 /* TLButton.swift in Sources */ = {isa = PBXBuildFile; fileRef = AA60C8F92B47F7AE008CD745 /* TLButton.swift */; };
		AAFB358B2B46CEE70091C658 /* ToDoListAppApp.swift in Sources */ = {isa = PBXBuildFile; fileRef = AAFB358A2B46CEE70091C658 /* ToDoListAppApp.swift */; };
		AAFB358D2B46CEE70091C658 /* MainView.swift in Sources */ = {isa = PBXBuildFile; fileRef = AAFB358C2B46CEE70091C658 /* MainView.swift */; };
		AAFB358F2B46CEE90091C658 /* Assets.xcassets in Resources */ = {isa = PBXBuildFile; fileRef = AAFB358E2B46CEE90091C658 /* Assets.xcassets */; };
		AAFB35922B46CEE90091C658 /* Preview Assets.xcassets in Resources */ = {isa = PBXBuildFile; fileRef = AAFB35912B46CEE90091C658 /* Preview Assets.xcassets */; };
		AAFB359A2B46D1C50091C658 /* FirebaseAnalytics in Frameworks */ = {isa = PBXBuildFile; productRef = AAFB35992B46D1C50091C658 /* FirebaseAnalytics */; };
		AAFB359C2B46D1C50091C658 /* FirebaseFirestore in Frameworks */ = {isa = PBXBuildFile; productRef = AAFB359B2B46D1C50091C658 /* FirebaseFirestore */; };
		AAFB359E2B46D1C50091C658 /* FirebaseFirestoreSwift in Frameworks */ = {isa = PBXBuildFile; productRef = AAFB359D2B46D1C50091C658 /* FirebaseFirestoreSwift */; };
		AAFB35A42B46D24A0091C658 /* GoogleService-Info.plist in Resources */ = {isa = PBXBuildFile; fileRef = AAFB35A32B46D24A0091C658 /* GoogleService-Info.plist */; };
		AAFB35A82B46F0EF0091C658 /* ProfileView.swift in Sources */ = {isa = PBXBuildFile; fileRef = AAFB35A72B46F0EF0091C658 /* ProfileView.swift */; };
		AAFB35AA2B46F0FD0091C658 /* ToDoListView.swift in Sources */ = {isa = PBXBuildFile; fileRef = AAFB35A92B46F0FD0091C658 /* ToDoListView.swift */; };
		AAFB35AC2B46F12A0091C658 /* NewItemView.swift in Sources */ = {isa = PBXBuildFile; fileRef = AAFB35AB2B46F12A0091C658 /* NewItemView.swift */; };
		AAFB35AE2B46F1330091C658 /* LoginView.swift in Sources */ = {isa = PBXBuildFile; fileRef = AAFB35AD2B46F1330091C658 /* LoginView.swift */; };
		AAFB35B02B46F13E0091C658 /* RegisterView.swift in Sources */ = {isa = PBXBuildFile; fileRef = AAFB35AF2B46F13E0091C658 /* RegisterView.swift */; };
		AAFB35B22B46F14E0091C658 /* ToDoListItemView.swift in Sources */ = {isa = PBXBuildFile; fileRef = AAFB35B12B46F14E0091C658 /* ToDoListItemView.swift */; };
		AAFB35B42B46F1670091C658 /* MainViewViewModel.swift in Sources */ = {isa = PBXBuildFile; fileRef = AAFB35B32B46F1670091C658 /* MainViewViewModel.swift */; };
		AAFB35B62B46F16E0091C658 /* ProfileViewViewModel.swift in Sources */ = {isa = PBXBuildFile; fileRef = AAFB35B52B46F16E0091C658 /* ProfileViewViewModel.swift */; };
		AAFB35B82B46F17D0091C658 /* ToDoListViewViewModel.swift in Sources */ = {isa = PBXBuildFile; fileRef = AAFB35B72B46F17D0091C658 /* ToDoListViewViewModel.swift */; };
		AAFB35BA2B46F18D0091C658 /* NewItemViewViewModel.swift in Sources */ = {isa = PBXBuildFile; fileRef = AAFB35B92B46F18D0091C658 /* NewItemViewViewModel.swift */; };
		AAFB35BC2B46F1A50091C658 /* LoginViewViewModel.swift in Sources */ = {isa = PBXBuildFile; fileRef = AAFB35BB2B46F1A50091C658 /* LoginViewViewModel.swift */; };
		AAFB35BE2B46F1B10091C658 /* RegisterViewViewModel.swift in Sources */ = {isa = PBXBuildFile; fileRef = AAFB35BD2B46F1B10091C658 /* RegisterViewViewModel.swift */; };
		AAFB35C02B46F1C00091C658 /* ToDoListItemViewViewModel.swift in Sources */ = {isa = PBXBuildFile; fileRef = AAFB35BF2B46F1C00091C658 /* ToDoListItemViewViewModel.swift */; };
/* End PBXBuildFile section */

/* Begin PBXFileReference section */
		AA60C8F32B46F862008CD745 /* User.swift */ = {isa = PBXFileReference; lastKnownFileType = sourcecode.swift; path = User.swift; sourceTree = "<group>"; };
		AA60C8F52B46F86C008CD745 /* ToDoListItem.swift */ = {isa = PBXFileReference; lastKnownFileType = sourcecode.swift; path = ToDoListItem.swift; sourceTree = "<group>"; };
		AA60C8F72B47DF20008CD745 /* HeaderView.swift */ = {isa = PBXFileReference; lastKnownFileType = sourcecode.swift; path = HeaderView.swift; sourceTree = "<group>"; };
		AA60C8F92B47F7AE008CD745 /* TLButton.swift */ = {isa = PBXFileReference; lastKnownFileType = sourcecode.swift; path = TLButton.swift; sourceTree = "<group>"; };
		AAFB35872B46CEE70091C658 /* ToDoListApp.app */ = {isa = PBXFileReference; explicitFileType = wrapper.application; includeInIndex = 0; path = ToDoListApp.app; sourceTree = BUILT_PRODUCTS_DIR; };
		AAFB358A2B46CEE70091C658 /* ToDoListAppApp.swift */ = {isa = PBXFileReference; lastKnownFileType = sourcecode.swift; path = ToDoListAppApp.swift; sourceTree = "<group>"; };
		AAFB358C2B46CEE70091C658 /* MainView.swift */ = {isa = PBXFileReference; lastKnownFileType = sourcecode.swift; path = MainView.swift; sourceTree = "<group>"; };
		AAFB358E2B46CEE90091C658 /* Assets.xcassets */ = {isa = PBXFileReference; lastKnownFileType = folder.assetcatalog; path = Assets.xcassets; sourceTree = "<group>"; };
		AAFB35912B46CEE90091C658 /* Preview Assets.xcassets */ = {isa = PBXFileReference; lastKnownFileType = folder.assetcatalog; path = "Preview Assets.xcassets"; sourceTree = "<group>"; };
		AAFB35A32B46D24A0091C658 /* GoogleService-Info.plist */ = {isa = PBXFileReference; fileEncoding = 4; lastKnownFileType = text.plist.xml; path = "GoogleService-Info.plist"; sourceTree = "<group>"; };
		AAFB35A72B46F0EF0091C658 /* ProfileView.swift */ = {isa = PBXFileReference; lastKnownFileType = sourcecode.swift; path = ProfileView.swift; sourceTree = "<group>"; };
		AAFB35A92B46F0FD0091C658 /* ToDoListView.swift */ = {isa = PBXFileReference; lastKnownFileType = sourcecode.swift; path = ToDoListView.swift; sourceTree = "<group>"; };
		AAFB35AB2B46F12A0091C658 /* NewItemView.swift */ = {isa = PBXFileReference; lastKnownFileType = sourcecode.swift; path = NewItemView.swift; sourceTree = "<group>"; };
		AAFB35AD2B46F1330091C658 /* LoginView.swift */ = {isa = PBXFileReference; lastKnownFileType = sourcecode.swift; path = LoginView.swift; sourceTree = "<group>"; };
		AAFB35AF2B46F13E0091C658 /* RegisterView.swift */ = {isa = PBXFileReference; lastKnownFileType = sourcecode.swift; path = RegisterView.swift; sourceTree = "<group>"; };
		AAFB35B12B46F14E0091C658 /* ToDoListItemView.swift */ = {isa = PBXFileReference; lastKnownFileType = sourcecode.swift; path = ToDoListItemView.swift; sourceTree = "<group>"; };
		AAFB35B32B46F1670091C658 /* MainViewViewModel.swift */ = {isa = PBXFileReference; lastKnownFileType = sourcecode.swift; path = MainViewViewModel.swift; sourceTree = "<group>"; };
		AAFB35B52B46F16E0091C658 /* ProfileViewViewModel.swift */ = {isa = PBXFileReference; lastKnownFileType = sourcecode.swift; path = ProfileViewViewModel.swift; sourceTree = "<group>"; };
		AAFB35B72B46F17D0091C658 /* ToDoListViewViewModel.swift */ = {isa = PBXFileReference; lastKnownFileType = sourcecode.swift; path = ToDoListViewViewModel.swift; sourceTree = "<group>"; };
		AAFB35B92B46F18D0091C658 /* NewItemViewViewModel.swift */ = {isa = PBXFileReference; lastKnownFileType = sourcecode.swift; path = NewItemViewViewModel.swift; sourceTree = "<group>"; };
		AAFB35BB2B46F1A50091C658 /* LoginViewViewModel.swift */ = {isa = PBXFileReference; lastKnownFileType = sourcecode.swift; path = LoginViewViewModel.swift; sourceTree = "<group>"; };
		AAFB35BD2B46F1B10091C658 /* RegisterViewViewModel.swift */ = {isa = PBXFileReference; lastKnownFileType = sourcecode.swift; path = RegisterViewViewModel.swift; sourceTree = "<group>"; };
		AAFB35BF2B46F1C00091C658 /* ToDoListItemViewViewModel.swift */ = {isa = PBXFileReference; lastKnownFileType = sourcecode.swift; path = ToDoListItemViewViewModel.swift; sourceTree = "<group>"; };
/* End PBXFileReference section */

/* Begin PBXFrameworksBuildPhase section */
		AAFB35842B46CEE70091C658 /* Frameworks */ = {
			isa = PBXFrameworksBuildPhase;
			buildActionMask = 2147483647;
			files = (
				AAFB359A2B46D1C50091C658 /* FirebaseAnalytics in Frameworks */,
				AAFB359C2B46D1C50091C658 /* FirebaseFirestore in Frameworks */,
				AAFB359E2B46D1C50091C658 /* FirebaseFirestoreSwift in Frameworks */,
			);
			runOnlyForDeploymentPostprocessing = 0;
		};
/* End PBXFrameworksBuildPhase section */

/* Begin PBXGroup section */
		AAFB357E2B46CEE70091C658 = {
			isa = PBXGroup;
			children = (
				AAFB35892B46CEE70091C658 /* ToDoListApp */,
				AAFB35882B46CEE70091C658 /* Products */,
			);
			sourceTree = "<group>";
		};
		AAFB35882B46CEE70091C658 /* Products */ = {
			isa = PBXGroup;
			children = (
				AAFB35872B46CEE70091C658 /* ToDoListApp.app */,
			);
			name = Products;
			sourceTree = "<group>";
		};
		AAFB35892B46CEE70091C658 /* ToDoListApp */ = {
			isa = PBXGroup;
			children = (
				AAFB35A22B46D22C0091C658 /* Other */,
				AAFB359F2B46D2220091C658 /* Model */,
				AAFB35A52B46EFE90091C658 /* ViewModel */,
				AAFB35A62B46EFED0091C658 /* View */,
				AAFB35902B46CEE90091C658 /* Preview Content */,
			);
			path = ToDoListApp;
			sourceTree = "<group>";
		};
		AAFB35902B46CEE90091C658 /* Preview Content */ = {
			isa = PBXGroup;
			children = (
				AAFB35912B46CEE90091C658 /* Preview Assets.xcassets */,
			);
			path = "Preview Content";
			sourceTree = "<group>";
		};
		AAFB359F2B46D2220091C658 /* Model */ = {
			isa = PBXGroup;
			children = (
				AA60C8F32B46F862008CD745 /* User.swift */,
				AA60C8F52B46F86C008CD745 /* ToDoListItem.swift */,
			);
			path = Model;
			sourceTree = "<group>";
		};
		AAFB35A22B46D22C0091C658 /* Other */ = {
			isa = PBXGroup;
			children = (
				AAFB35A32B46D24A0091C658 /* GoogleService-Info.plist */,
				AAFB358E2B46CEE90091C658 /* Assets.xcassets */,
				AAFB358A2B46CEE70091C658 /* ToDoListAppApp.swift */,
			);
			path = Other;
			sourceTree = "<group>";
		};
		AAFB35A52B46EFE90091C658 /* ViewModel */ = {
			isa = PBXGroup;
			children = (
				AAFB35B32B46F1670091C658 /* MainViewViewModel.swift */,
				AAFB35B52B46F16E0091C658 /* ProfileViewViewModel.swift */,
				AAFB35B72B46F17D0091C658 /* ToDoListViewViewModel.swift */,
				AAFB35B92B46F18D0091C658 /* NewItemViewViewModel.swift */,
				AAFB35BB2B46F1A50091C658 /* LoginViewViewModel.swift */,
				AAFB35BD2B46F1B10091C658 /* RegisterViewViewModel.swift */,
				AAFB35BF2B46F1C00091C658 /* ToDoListItemViewViewModel.swift */,
			);
			path = ViewModel;
			sourceTree = "<group>";
		};
		AAFB35A62B46EFED0091C658 /* View */ = {
			isa = PBXGroup;
			children = (
				AAFB358C2B46CEE70091C658 /* MainView.swift */,
				AAFB35A72B46F0EF0091C658 /* ProfileView.swift */,
				AAFB35A92B46F0FD0091C658 /* ToDoListView.swift */,
				AAFB35AB2B46F12A0091C658 /* NewItemView.swift */,
				AAFB35AD2B46F1330091C658 /* LoginView.swift */,
				AAFB35AF2B46F13E0091C658 /* RegisterView.swift */,
				AAFB35B12B46F14E0091C658 /* ToDoListItemView.swift */,
				AA60C8F72B47DF20008CD745 /* HeaderView.swift */,
				AA60C8F92B47F7AE008CD745 /* TLButton.swift */,
			);
			path = View;
			sourceTree = "<group>";
		};
/* End PBXGroup section */

/* Begin PBXNativeTarget section */
		AAFB35862B46CEE70091C658 /* ToDoListApp */ = {
			isa = PBXNativeTarget;
			buildConfigurationList = AAFB35952B46CEE90091C658 /* Build configuration list for PBXNativeTarget "ToDoListApp" */;
			buildPhases = (
				AAFB35832B46CEE70091C658 /* Sources */,
				AAFB35842B46CEE70091C658 /* Frameworks */,
				AAFB35852B46CEE70091C658 /* Resources */,
			);
			buildRules = (
			);
			dependencies = (
			);
			name = ToDoListApp;
			packageProductDependencies = (
				AAFB35992B46D1C50091C658 /* FirebaseAnalytics */,
				AAFB359B2B46D1C50091C658 /* FirebaseFirestore */,
				AAFB359D2B46D1C50091C658 /* FirebaseFirestoreSwift */,
			);
			productName = ToDoListApp;
			productReference = AAFB35872B46CEE70091C658 /* ToDoListApp.app */;
			productType = "com.apple.product-type.application";
		};
/* End PBXNativeTarget section */

/* Begin PBXProject section */
		AAFB357F2B46CEE70091C658 /* Project object */ = {
			isa = PBXProject;
			attributes = {
				BuildIndependentTargetsInParallel = 1;
				LastSwiftUpdateCheck = 1430;
				LastUpgradeCheck = 1430;
				TargetAttributes = {
					AAFB35862B46CEE70091C658 = {
						CreatedOnToolsVersion = 14.3.1;
					};
				};
			};
			buildConfigurationList = AAFB35822B46CEE70091C658 /* Build configuration list for PBXProject "ToDoListApp" */;
			compatibilityVersion = "Xcode 14.0";
			developmentRegion = en;
			hasScannedForEncodings = 0;
			knownRegions = (
				en,
				Base,
			);
			mainGroup = AAFB357E2B46CEE70091C658;
			packageReferences = (
				AAFB35982B46D1C50091C658 /* XCRemoteSwiftPackageReference "firebase-ios-sdk" */,
			);
			productRefGroup = AAFB35882B46CEE70091C658 /* Products */;
			projectDirPath = "";
			projectRoot = "";
			targets = (
				AAFB35862B46CEE70091C658 /* ToDoListApp */,
			);
		};
/* End PBXProject section */

/* Begin PBXResourcesBuildPhase section */
		AAFB35852B46CEE70091C658 /* Resources */ = {
			isa = PBXResourcesBuildPhase;
			buildActionMask = 2147483647;
			files = (
				AAFB35922B46CEE90091C658 /* Preview Assets.xcassets in Resources */,
				AAFB358F2B46CEE90091C658 /* Assets.xcassets in Resources */,
				AAFB35A42B46D24A0091C658 /* GoogleService-Info.plist in Resources */,
			);
			runOnlyForDeploymentPostprocessing = 0;
		};
/* End PBXResourcesBuildPhase section */

/* Begin PBXSourcesBuildPhase section */
		AAFB35832B46CEE70091C658 /* Sources */ = {
			isa = PBXSourcesBuildPhase;
			buildActionMask = 2147483647;
			files = (
				AAFB35AE2B46F1330091C658 /* LoginView.swift in Sources */,
				AA60C8F82B47DF20008CD745 /* HeaderView.swift in Sources */,
				AAFB358D2B46CEE70091C658 /* MainView.swift in Sources */,
				AA60C8F62B46F86C008CD745 /* ToDoListItem.swift in Sources */,
				AAFB35B42B46F1670091C658 /* MainViewViewModel.swift in Sources */,
				AAFB35A82B46F0EF0091C658 /* ProfileView.swift in Sources */,
				AA60C8F42B46F862008CD745 /* User.swift in Sources */,
				AA60C8FA2B47F7AE008CD745 /* TLButton.swift in Sources */,
				AAFB35B02B46F13E0091C658 /* RegisterView.swift in Sources */,
				AAFB35AA2B46F0FD0091C658 /* ToDoListView.swift in Sources */,
				AAFB35BE2B46F1B10091C658 /* RegisterViewViewModel.swift in Sources */,
				AAFB35C02B46F1C00091C658 /* ToDoListItemViewViewModel.swift in Sources */,
				AAFB35BC2B46F1A50091C658 /* LoginViewViewModel.swift in Sources */,
				AAFB35B22B46F14E0091C658 /* ToDoListItemView.swift in Sources */,
				AAFB35B62B46F16E0091C658 /* ProfileViewViewModel.swift in Sources */,
				AAFB358B2B46CEE70091C658 /* ToDoListAppApp.swift in Sources */,
				AAFB35BA2B46F18D0091C658 /* NewItemViewViewModel.swift in Sources */,
				AAFB35B82B46F17D0091C658 /* ToDoListViewViewModel.swift in Sources */,
				AAFB35AC2B46F12A0091C658 /* NewItemView.swift in Sources */,
			);
			runOnlyForDeploymentPostprocessing = 0;
		};
/* End PBXSourcesBuildPhase section */

/* Begin XCBuildConfiguration section */
		AAFB35932B46CEE90091C658 /* Debug */ = {
			isa = XCBuildConfiguration;
			buildSettings = {
				ALWAYS_SEARCH_USER_PATHS = NO;
				CLANG_ANALYZER_NONNULL = YES;
				CLANG_ANALYZER_NUMBER_OBJECT_CONVERSION = YES_AGGRESSIVE;
				CLANG_CXX_LANGUAGE_STANDARD = "gnu++20";
				CLANG_ENABLE_MODULES = YES;
				CLANG_ENABLE_OBJC_ARC = YES;
				CLANG_ENABLE_OBJC_WEAK = YES;
				CLANG_WARN_BLOCK_CAPTURE_AUTORELEASING = YES;
				CLANG_WARN_BOOL_CONVERSION = YES;
				CLANG_WARN_COMMA = YES;
				CLANG_WARN_CONSTANT_CONVERSION = YES;
				CLANG_WARN_DEPRECATED_OBJC_IMPLEMENTATIONS = YES;
				CLANG_WARN_DIRECT_OBJC_ISA_USAGE = YES_ERROR;
				CLANG_WARN_DOCUMENTATION_COMMENTS = YES;
				CLANG_WARN_EMPTY_BODY = YES;
				CLANG_WARN_ENUM_CONVERSION = YES;
				CLANG_WARN_INFINITE_RECURSION = YES;
				CLANG_WARN_INT_CONVERSION = YES;
				CLANG_WARN_NON_LITERAL_NULL_CONVERSION = YES;
				CLANG_WARN_OBJC_IMPLICIT_RETAIN_SELF = YES;
				CLANG_WARN_OBJC_LITERAL_CONVERSION = YES;
				CLANG_WARN_OBJC_ROOT_CLASS = YES_ERROR;
				CLANG_WARN_QUOTED_INCLUDE_IN_FRAMEWORK_HEADER = YES;
				CLANG_WARN_RANGE_LOOP_ANALYSIS = YES;
				CLANG_WARN_STRICT_PROTOTYPES = YES;
				CLANG_WARN_SUSPICIOUS_MOVE = YES;
				CLANG_WARN_UNGUARDED_AVAILABILITY = YES_AGGRESSIVE;
				CLANG_WARN_UNREACHABLE_CODE = YES;
				CLANG_WARN__DUPLICATE_METHOD_MATCH = YES;
				COPY_PHASE_STRIP = NO;
				DEBUG_INFORMATION_FORMAT = dwarf;
				ENABLE_STRICT_OBJC_MSGSEND = YES;
				ENABLE_TESTABILITY = YES;
				GCC_C_LANGUAGE_STANDARD = gnu11;
				GCC_DYNAMIC_NO_PIC = NO;
				GCC_NO_COMMON_BLOCKS = YES;
				GCC_OPTIMIZATION_LEVEL = 0;
				GCC_PREPROCESSOR_DEFINITIONS = (
					"DEBUG=1",
					"$(inherited)",
				);
				GCC_WARN_64_TO_32_BIT_CONVERSION = YES;
				GCC_WARN_ABOUT_RETURN_TYPE = YES_ERROR;
				GCC_WARN_UNDECLARED_SELECTOR = YES;
				GCC_WARN_UNINITIALIZED_AUTOS = YES_AGGRESSIVE;
				GCC_WARN_UNUSED_FUNCTION = YES;
				GCC_WARN_UNUSED_VARIABLE = YES;
				IPHONEOS_DEPLOYMENT_TARGET = 16.4;
				MTL_ENABLE_DEBUG_INFO = INCLUDE_SOURCE;
				MTL_FAST_MATH = YES;
				ONLY_ACTIVE_ARCH = YES;
				SDKROOT = iphoneos;
				SWIFT_ACTIVE_COMPILATION_CONDITIONS = DEBUG;
				SWIFT_OPTIMIZATION_LEVEL = "-Onone";
			};
			name = Debug;
		};
		AAFB35942B46CEE90091C658 /* Release */ = {
			isa = XCBuildConfiguration;
			buildSettings = {
				ALWAYS_SEARCH_USER_PATHS = NO;
				CLANG_ANALYZER_NONNULL = YES;
				CLANG_ANALYZER_NUMBER_OBJECT_CONVERSION = YES_AGGRESSIVE;
				CLANG_CXX_LANGUAGE_STANDARD = "gnu++20";
				CLANG_ENABLE_MODULES = YES;
				CLANG_ENABLE_OBJC_ARC = YES;
				CLANG_ENABLE_OBJC_WEAK = YES;
				CLANG_WARN_BLOCK_CAPTURE_AUTORELEASING = YES;
				CLANG_WARN_BOOL_CONVERSION = YES;
				CLANG_WARN_COMMA = YES;
				CLANG_WARN_CONSTANT_CONVERSION = YES;
				CLANG_WARN_DEPRECATED_OBJC_IMPLEMENTATIONS = YES;
				CLANG_WARN_DIRECT_OBJC_ISA_USAGE = YES_ERROR;
				CLANG_WARN_DOCUMENTATION_COMMENTS = YES;
				CLANG_WARN_EMPTY_BODY = YES;
				CLANG_WARN_ENUM_CONVERSION = YES;
				CLANG_WARN_INFINITE_RECURSION = YES;
				CLANG_WARN_INT_CONVERSION = YES;
				CLANG_WARN_NON_LITERAL_NULL_CONVERSION = YES;
				CLANG_WARN_OBJC_IMPLICIT_RETAIN_SELF = YES;
				CLANG_WARN_OBJC_LITERAL_CONVERSION = YES;
				CLANG_WARN_OBJC_ROOT_CLASS = YES_ERROR;
				CLANG_WARN_QUOTED_INCLUDE_IN_FRAMEWORK_HEADER = YES;
				CLANG_WARN_RANGE_LOOP_ANALYSIS = YES;
				CLANG_WARN_STRICT_PROTOTYPES = YES;
				CLANG_WARN_SUSPICIOUS_MOVE = YES;
				CLANG_WARN_UNGUARDED_AVAILABILITY = YES_AGGRESSIVE;
				CLANG_WARN_UNREACHABLE_CODE = YES;
				CLANG_WARN__DUPLICATE_METHOD_MATCH = YES;
				COPY_PHASE_STRIP = NO;
				DEBUG_INFORMATION_FORMAT = "dwarf-with-dsym";
				ENABLE_NS_ASSERTIONS = NO;
				ENABLE_STRICT_OBJC_MSGSEND = YES;
				GCC_C_LANGUAGE_STANDARD = gnu11;
				GCC_NO_COMMON_BLOCKS = YES;
				GCC_WARN_64_TO_32_BIT_CONVERSION = YES;
				GCC_WARN_ABOUT_RETURN_TYPE = YES_ERROR;
				GCC_WARN_UNDECLARED_SELECTOR = YES;
				GCC_WARN_UNINITIALIZED_AUTOS = YES_AGGRESSIVE;
				GCC_WARN_UNUSED_FUNCTION = YES;
				GCC_WARN_UNUSED_VARIABLE = YES;
				IPHONEOS_DEPLOYMENT_TARGET = 16.4;
				MTL_ENABLE_DEBUG_INFO = NO;
				MTL_FAST_MATH = YES;
				SDKROOT = iphoneos;
				SWIFT_COMPILATION_MODE = wholemodule;
				SWIFT_OPTIMIZATION_LEVEL = "-O";
				VALIDATE_PRODUCT = YES;
			};
			name = Release;
		};
		AAFB35962B46CEE90091C658 /* Debug */ = {
			isa = XCBuildConfiguration;
			buildSettings = {
				ASSETCATALOG_COMPILER_APPICON_NAME = AppIcon;
				ASSETCATALOG_COMPILER_GLOBAL_ACCENT_COLOR_NAME = AccentColor;
				CODE_SIGN_STYLE = Automatic;
				CURRENT_PROJECT_VERSION = 1;
				DEVELOPMENT_ASSET_PATHS = "\"ToDoListApp/Preview Content\"";
				DEVELOPMENT_TEAM = 9P58HZ7L2Y;
				ENABLE_PREVIEWS = YES;
				GENERATE_INFOPLIST_FILE = YES;
				INFOPLIST_KEY_UIApplicationSceneManifest_Generation = YES;
				INFOPLIST_KEY_UIApplicationSupportsIndirectInputEvents = YES;
				INFOPLIST_KEY_UILaunchScreen_Generation = YES;
				INFOPLIST_KEY_UISupportedInterfaceOrientations_iPad = "UIInterfaceOrientationPortrait UIInterfaceOrientationPortraitUpsideDown UIInterfaceOrientationLandscapeLeft UIInterfaceOrientationLandscapeRight";
				INFOPLIST_KEY_UISupportedInterfaceOrientations_iPhone = "UIInterfaceOrientationPortrait UIInterfaceOrientationLandscapeLeft UIInterfaceOrientationLandscapeRight";
				LD_RUNPATH_SEARCH_PATHS = (
					"$(inherited)",
					"@executable_path/Frameworks",
				);
				MARKETING_VERSION = 1.0;
				PRODUCT_BUNDLE_IDENTIFIER = VishalWagh.ToDoList;
				PRODUCT_NAME = "$(TARGET_NAME)";
				SWIFT_EMIT_LOC_STRINGS = YES;
				SWIFT_VERSION = 5.0;
				TARGETED_DEVICE_FAMILY = "1,2";
			};
			name = Debug;
		};
		AAFB35972B46CEE90091C658 /* Release */ = {
			isa = XCBuildConfiguration;
			buildSettings = {
				ASSETCATALOG_COMPILER_APPICON_NAME = AppIcon;
				ASSETCATALOG_COMPILER_GLOBAL_ACCENT_COLOR_NAME = AccentColor;
				CODE_SIGN_STYLE = Automatic;
				CURRENT_PROJECT_VERSION = 1;
				DEVELOPMENT_ASSET_PATHS = "\"ToDoListApp/Preview Content\"";
				DEVELOPMENT_TEAM = 9P58HZ7L2Y;
				ENABLE_PREVIEWS = YES;
				GENERATE_INFOPLIST_FILE = YES;
				INFOPLIST_KEY_UIApplicationSceneManifest_Generation = YES;
				INFOPLIST_KEY_UIApplicationSupportsIndirectInputEvents = YES;
				INFOPLIST_KEY_UILaunchScreen_Generation = YES;
				INFOPLIST_KEY_UISupportedInterfaceOrientations_iPad = "UIInterfaceOrientationPortrait UIInterfaceOrientationPortraitUpsideDown UIInterfaceOrientationLandscapeLeft UIInterfaceOrientationLandscapeRight";
				INFOPLIST_KEY_UISupportedInterfaceOrientations_iPhone = "UIInterfaceOrientationPortrait UIInterfaceOrientationLandscapeLeft UIInterfaceOrientationLandscapeRight";
				LD_RUNPATH_SEARCH_PATHS = (
					"$(inherited)",
					"@executable_path/Frameworks",
				);
				MARKETING_VERSION = 1.0;
				PRODUCT_BUNDLE_IDENTIFIER = VishalWagh.ToDoList;
				PRODUCT_NAME = "$(TARGET_NAME)";
				SWIFT_EMIT_LOC_STRINGS = YES;
				SWIFT_VERSION = 5.0;
				TARGETED_DEVICE_FAMILY = "1,2";
			};
			name = Release;
		};
/* End XCBuildConfiguration section */

/* Begin XCConfigurationList section */
		AAFB35822B46CEE70091C658 /* Build configuration list for PBXProject "ToDoListApp" */ = {
			isa = XCConfigurationList;
			buildConfigurations = (
				AAFB35932B46CEE90091C658 /* Debug */,
				AAFB35942B46CEE90091C658 /* Release */,
			);
			defaultConfigurationIsVisible = 0;
			defaultConfigurationName = Release;
		};
		AAFB35952B46CEE90091C658 /* Build configuration list for PBXNativeTarget "ToDoListApp" */ = {
			isa = XCConfigurationList;
			buildConfigurations = (
				AAFB35962B46CEE90091C658 /* Debug */,
				AAFB35972B46CEE90091C658 /* Release */,
			);
			defaultConfigurationIsVisible = 0;
			defaultConfigurationName = Release;
		};
/* End XCConfigurationList section */

/* Begin XCRemoteSwiftPackageReference section */
		AAFB35982B46D1C50091C658 /* XCRemoteSwiftPackageReference "firebase-ios-sdk" */ = {
			isa = XCRemoteSwiftPackageReference;
			repositoryURL = "https://github.com/firebase/firebase-ios-sdk.git";
			requirement = {
				kind = upToNextMajorVersion;
				minimumVersion = 10.0.0;
			};
		};
/* End XCRemoteSwiftPackageReference section */

/* Begin XCSwiftPackageProductDependency section */
		AAFB35992B46D1C50091C658 /* FirebaseAnalytics */ = {
			isa = XCSwiftPackageProductDependency;
			package = AAFB35982B46D1C50091C658 /* XCRemoteSwiftPackageReference "firebase-ios-sdk" */;
			productName = FirebaseAnalytics;
		};
		AAFB359B2B46D1C50091C658 /* FirebaseFirestore */ = {
			isa = XCSwiftPackageProductDependency;
			package = AAFB35982B46D1C50091C658 /* XCRemoteSwiftPackageReference "firebase-ios-sdk" */;
			productName = FirebaseFirestore;
		};
		AAFB359D2B46D1C50091C658 /* FirebaseFirestoreSwift */ = {
			isa = XCSwiftPackageProductDependency;
			package = AAFB35982B46D1C50091C658 /* XCRemoteSwiftPackageReference "firebase-ios-sdk" */;
			productName = FirebaseFirestoreSwift;
		};
/* End XCSwiftPackageProductDependency section */
	};
	rootObject = AAFB357F2B46CEE70091C658 /* Project object */;
}
